
Microsoft Visual Studio Solution File, Format Version 12.00
# Visual Studio Version 17
VisualStudioVersion = 17.3.32825.248
MinimumVisualStudioVersion = 10.0.40219.1
Project("{FAE04EC0-301F-11D3-BF4B-00C04F79EFBC}") = "ConsoleApp1", "ConsoleApp1\ConsoleApp1.csproj", "{DAB3AB9C-DBDE-4E00-8E90-79DC7C73A69C}"
EndProject
Global
	GlobalSection(SolutionConfigurationPlatforms) = preSolution
		Debug|Any CPU = Debug|Any CPU
		Release|Any CPU = Release|Any CPU
	EndGlobalSection
	GlobalSection(ProjectConfigurationPlatforms) = postSolution
		{DAB3AB9C-DBDE-4E00-8E90-79DC7C73A69C}.Debug|Any CPU.ActiveCfg = Debug|Any CPU
		{DAB3AB9C-DBDE-4E00-8E90-79DC7C73A69C}.Debug|Any CPU.Build.0 = Debug|Any CPU
		{DAB3AB9C-DBDE-4E00-8E90-79DC7C73A69C}.Release|Any CPU.ActiveCfg = Release|Any CPU
		{DAB3AB9C-DBDE-4E00-8E90-79DC7C73A69C}.Release|Any CPU.Build.0 = Release|Any CPU
	EndGlobalSection
	GlobalSection(SolutionProperties) = preSolution
		HideSolutionNode = FALSE
	EndGlobalSection
	GlobalSection(ExtensibilityGlobals) = postSolution
		SolutionGuid = {E267DA4C-1263-4098-8C3D-B146C8229985}
	EndGlobalSection
EndGlobal
